
Microsoft Visual Studio Solution File, Format Version 12.00
# Visual Studio Version 16
VisualStudioVersion = 16.0.30011.22
MinimumVisualStudioVersion = 10.0.40219.1
Project("{2150E333-8FDC-42A3-9474-1A3956D46DE8}") = ".nuget", ".nuget", "{C2766186-FD59-4C3D-98B5-69741ADB9395}"
	ProjectSection(SolutionItems) = preProject
		.nuget\packages.config = .nuget\packages.config
	EndProjectSection
EndProject
Project("{9A19103F-16F7-4668-BE54-9A1E7A4F7556}") = "OrcaMDF.Core", "src\OrcaMDF.Core\OrcaMDF.Core.csproj", "{BEB091A7-6B35-4C3D-9D8C-4C079B3ABA2B}"
EndProject
Project("{9A19103F-16F7-4668-BE54-9A1E7A4F7556}") = "OrcaMDF.Framework", "src\OrcaMDF.Framework\OrcaMDF.Framework.csproj", "{A70FDD1F-B820-4D96-BB14-FEFEBB914940}"
EndProject
Project("{9A19103F-16F7-4668-BE54-9A1E7A4F7556}") = "OrcaMDF.RawCore", "src\OrcaMDF.RawCore\OrcaMDF.RawCore.csproj", "{C775DFBD-B1D8-4E19-BA80-39DA3FD5D03A}"
EndProject
Project("{9A19103F-16F7-4668-BE54-9A1E7A4F7556}") = "OrcaMDF.Core.Tests", "src\OrcaMDF.Core.Tests\OrcaMDF.Core.Tests.csproj", "{4BB2309C-F3E6-4E2C-BEA7-E3DC22B795AD}"
EndProject
Project("{9A19103F-16F7-4668-BE54-9A1E7A4F7556}") = "OrcaMDF.RawCore.Tests", "src\OrcaMDF.RawCore.Tests\OrcaMDF.RawCore.Tests.csproj", "{260A13C0-23DE-4D98-AFFF-1794244A723D}"
EndProject
Project("{9A19103F-16F7-4668-BE54-9A1E7A4F7556}") = "OrcaMDF.Framework.Tests", "src\OrcaMDF.Framework.Tests\OrcaMDF.Framework.Tests.csproj", "{DF85AEDD-1409-4AEF-A6CC-DE957241F277}"
EndProject
Project("{9A19103F-16F7-4668-BE54-9A1E7A4F7556}") = "OrcaMDF.OMS", "src\OrcaMDF.OMS\OrcaMDF.OMS.csproj", "{D6F20ED3-5192-4B12-8494-D3C4D43DAC56}"
EndProject
Global
	GlobalSection(SolutionConfigurationPlatforms) = preSolution
		Debug|Any CPU = Debug|Any CPU
		Debug|Mixed Platforms = Debug|Mixed Platforms
		Debug|x86 = Debug|x86
		Release|Any CPU = Release|Any CPU
		Release|Mixed Platforms = Release|Mixed Platforms
		Release|x86 = Release|x86
	EndGlobalSection
	GlobalSection(ProjectConfigurationPlatforms) = postSolution
		{BEB091A7-6B35-4C3D-9D8C-4C079B3ABA2B}.Debug|Any CPU.ActiveCfg = Debug|Any CPU
		{BEB091A7-6B35-4C3D-9D8C-4C079B3ABA2B}.Debug|Any CPU.Build.0 = Debug|Any CPU
		{BEB091A7-6B35-4C3D-9D8C-4C079B3ABA2B}.Debug|Mixed Platforms.ActiveCfg = Debug|Any CPU
		{BEB091A7-6B35-4C3D-9D8C-4C079B3ABA2B}.Debug|Mixed Platforms.Build.0 = Debug|Any CPU
		{BEB091A7-6B35-4C3D-9D8C-4C079B3ABA2B}.Debug|x86.ActiveCfg = Debug|Any CPU
		{BEB091A7-6B35-4C3D-9D8C-4C079B3ABA2B}.Debug|x86.Build.0 = Debug|Any CPU
		{BEB091A7-6B35-4C3D-9D8C-4C079B3ABA2B}.Release|Any CPU.ActiveCfg = Release|Any CPU
		{BEB091A7-6B35-4C3D-9D8C-4C079B3ABA2B}.Release|Any CPU.Build.0 = Release|Any CPU
		{BEB091A7-6B35-4C3D-9D8C-4C079B3ABA2B}.Release|Mixed Platforms.ActiveCfg = Release|Any CPU
		{BEB091A7-6B35-4C3D-9D8C-4C079B3ABA2B}.Release|Mixed Platforms.Build.0 = Release|Any CPU
		{BEB091A7-6B35-4C3D-9D8C-4C079B3ABA2B}.Release|x86.ActiveCfg = Release|Any CPU
		{BEB091A7-6B35-4C3D-9D8C-4C079B3ABA2B}.Release|x86.Build.0 = Release|Any CPU
		{A70FDD1F-B820-4D96-BB14-FEFEBB914940}.Debug|Any CPU.ActiveCfg = Debug|Any CPU
		{A70FDD1F-B820-4D96-BB14-FEFEBB914940}.Debug|Any CPU.Build.0 = Debug|Any CPU
		{A70FDD1F-B820-4D96-BB14-FEFEBB914940}.Debug|Mixed Platforms.ActiveCfg = Debug|Any CPU
		{A70FDD1F-B820-4D96-BB14-FEFEBB914940}.Debug|Mixed Platforms.Build.0 = Debug|Any CPU
		{A70FDD1F-B820-4D96-BB14-FEFEBB914940}.Debug|x86.ActiveCfg = Debug|Any CPU
		{A70FDD1F-B820-4D96-BB14-FEFEBB914940}.Debug|x86.Build.0 = Debug|Any CPU
		{A70FDD1F-B820-4D96-BB14-FEFEBB914940}.Release|Any CPU.ActiveCfg = Release|Any CPU
		{A70FDD1F-B820-4D96-BB14-FEFEBB914940}.Release|Any CPU.Build.0 = Release|Any CPU
		{A70FDD1F-B820-4D96-BB14-FEFEBB914940}.Release|Mixed Platforms.ActiveCfg = Release|Any CPU
		{A70FDD1F-B820-4D96-BB14-FEFEBB914940}.Release|Mixed Platforms.Build.0 = Release|Any CPU
		{A70FDD1F-B820-4D96-BB14-FEFEBB914940}.Release|x86.ActiveCfg = Release|Any CPU
		{A70FDD1F-B820-4D96-BB14-FEFEBB914940}.Release|x86.Build.0 = Release|Any CPU
		{C775DFBD-B1D8-4E19-BA80-39DA3FD5D03A}.Debug|Any CPU.ActiveCfg = Debug|Any CPU
		{C775DFBD-B1D8-4E19-BA80-39DA3FD5D03A}.Debug|Any CPU.Build.0 = Debug|Any CPU
		{C775DFBD-B1D8-4E19-BA80-39DA3FD5D03A}.Debug|Mixed Platforms.ActiveCfg = Debug|Any CPU
		{C775DFBD-B1D8-4E19-BA80-39DA3FD5D03A}.Debug|Mixed Platforms.Build.0 = Debug|Any CPU
		{C775DFBD-B1D8-4E19-BA80-39DA3FD5D03A}.Debug|x86.ActiveCfg = Debug|Any CPU
		{C775DFBD-B1D8-4E19-BA80-39DA3FD5D03A}.Debug|x86.Build.0 = Debug|Any CPU
		{C775DFBD-B1D8-4E19-BA80-39DA3FD5D03A}.Release|Any CPU.ActiveCfg = Release|Any CPU
		{C775DFBD-B1D8-4E19-BA80-39DA3FD5D03A}.Release|Any CPU.Build.0 = Release|Any CPU
		{C775DFBD-B1D8-4E19-BA80-39DA3FD5D03A}.Release|Mixed Platforms.ActiveCfg = Release|Any CPU
		{C775DFBD-B1D8-4E19-BA80-39DA3FD5D03A}.Release|Mixed Platforms.Build.0 = Release|Any CPU
		{C775DFBD-B1D8-4E19-BA80-39DA3FD5D03A}.Release|x86.ActiveCfg = Release|Any CPU
		{C775DFBD-B1D8-4E19-BA80-39DA3FD5D03A}.Release|x86.Build.0 = Release|Any CPU
		{4BB2309C-F3E6-4E2C-BEA7-E3DC22B795AD}.Debug|Any CPU.ActiveCfg = Debug|Any CPU
		{4BB2309C-F3E6-4E2C-BEA7-E3DC22B795AD}.Debug|Any CPU.Build.0 = Debug|Any CPU
		{4BB2309C-F3E6-4E2C-BEA7-E3DC22B795AD}.Debug|Mixed Platforms.ActiveCfg = Debug|Any CPU
		{4BB2309C-F3E6-4E2C-BEA7-E3DC22B795AD}.Debug|Mixed Platforms.Build.0 = Debug|Any CPU
		{4BB2309C-F3E6-4E2C-BEA7-E3DC22B795AD}.Debug|x86.ActiveCfg = Debug|Any CPU
		{4BB2309C-F3E6-4E2C-BEA7-E3DC22B795AD}.Debug|x86.Build.0 = Debug|Any CPU
		{4BB2309C-F3E6-4E2C-BEA7-E3DC22B795AD}.Release|Any CPU.ActiveCfg = Release|Any CPU
		{4BB2309C-F3E6-4E2C-BEA7-E3DC22B795AD}.Release|Any CPU.Build.0 = Release|Any CPU
		{4BB2309C-F3E6-4E2C-BEA7-E3DC22B795AD}.Release|Mixed Platforms.ActiveCfg = Release|Any CPU
		{4BB2309C-F3E6-4E2C-BEA7-E3DC22B795AD}.Release|Mixed Platforms.Build.0 = Release|Any CPU
		{4BB2309C-F3E6-4E2C-BEA7-E3DC22B795AD}.Release|x86.ActiveCfg = Release|Any CPU
		{4BB2309C-F3E6-4E2C-BEA7-E3DC22B795AD}.Release|x86.Build.0 = Release|Any CPU
		{260A13C0-23DE-4D98-AFFF-1794244A723D}.Debug|Any CPU.ActiveCfg = Debug|Any CPU
		{260A13C0-23DE-4D98-AFFF-1794244A723D}.Debug|Any CPU.Build.0 = Debug|Any CPU
		{260A13C0-23DE-4D98-AFFF-1794244A723D}.Debug|Mixed Platforms.ActiveCfg = Debug|Any CPU
		{260A13C0-23DE-4D98-AFFF-1794244A723D}.Debug|Mixed Platforms.Build.0 = Debug|Any CPU
		{260A13C0-23DE-4D98-AFFF-1794244A723D}.Debug|x86.ActiveCfg = Debug|Any CPU
		{260A13C0-23DE-4D98-AFFF-1794244A723D}.Debug|x86.Build.0 = Debug|Any CPU
		{260A13C0-23DE-4D98-AFFF-1794244A723D}.Release|Any CPU.ActiveCfg = Release|Any CPU
		{260A13C0-23DE-4D98-AFFF-1794244A723D}.Release|Any CPU.Build.0 = Release|Any CPU
		{260A13C0-23DE-4D98-AFFF-1794244A723D}.Release|Mixed Platforms.ActiveCfg = Release|Any CPU
		{260A13C0-23DE-4D98-AFFF-1794244A723D}.Release|Mixed Platforms.Build.0 = Release|Any CPU
		{260A13C0-23DE-4D98-AFFF-1794244A723D}.Release|x86.ActiveCfg = Release|Any CPU
		{260A13C0-23DE-4D98-AFFF-1794244A723D}.Release|x86.Build.0 = Release|Any CPU
		{DF85AEDD-1409-4AEF-A6CC-DE957241F277}.Debug|Any CPU.ActiveCfg = Debug|Any CPU
		{DF85AEDD-1409-4AEF-A6CC-DE957241F277}.Debug|Any CPU.Build.0 = Debug|Any CPU
		{DF85AEDD-1409-4AEF-A6CC-DE957241F277}.Debug|Mixed Platforms.ActiveCfg = Debug|Any CPU
		{DF85AEDD-1409-4AEF-A6CC-DE957241F277}.Debug|Mixed Platforms.Build.0 = Debug|Any CPU
		{DF85AEDD-1409-4AEF-A6CC-DE957241F277}.Debug|x86.ActiveCfg = Debug|Any CPU
		{DF85AEDD-1409-4AEF-A6CC-DE957241F277}.Debug|x86.Build.0 = Debug|Any CPU
		{DF85AEDD-1409-4AEF-A6CC-DE957241F277}.Release|Any CPU.ActiveCfg = Release|Any CPU
		{DF85AEDD-1409-4AEF-A6CC-DE957241F277}.Release|Any CPU.Build.0 = Release|Any CPU
		{DF85AEDD-1409-4AEF-A6CC-DE957241F277}.Release|Mixed Platforms.ActiveCfg = Release|Any CPU
		{DF85AEDD-1409-4AEF-A6CC-DE957241F277}.Release|Mixed Platforms.Build.0 = Release|Any CPU
		{DF85AEDD-1409-4AEF-A6CC-DE957241F277}.Release|x86.ActiveCfg = Release|Any CPU
		{DF85AEDD-1409-4AEF-A6CC-DE957241F277}.Release|x86.Build.0 = Release|Any CPU
		{D6F20ED3-5192-4B12-8494-D3C4D43DAC56}.Debug|Any CPU.ActiveCfg = Debug|Any CPU
		{D6F20ED3-5192-4B12-8494-D3C4D43DAC56}.Debug|Any CPU.Build.0 = Debug|Any CPU
		{D6F20ED3-5192-4B12-8494-D3C4D43DAC56}.Debug|Mixed Platforms.ActiveCfg = Debug|Any CPU
		{D6F20ED3-5192-4B12-8494-D3C4D43DAC56}.Debug|Mixed Platforms.Build.0 = Debug|Any CPU
		{D6F20ED3-5192-4B12-8494-D3C4D43DAC56}.Debug|x86.ActiveCfg = Debug|Any CPU
		{D6F20ED3-5192-4B12-8494-D3C4D43DAC56}.Debug|x86.Build.0 = Debug|Any CPU
		{D6F20ED3-5192-4B12-8494-D3C4D43DAC56}.Release|Any CPU.ActiveCfg = Release|Any CPU
		{D6F20ED3-5192-4B12-8494-D3C4D43DAC56}.Release|Any CPU.Build.0 = Release|Any CPU
		{D6F20ED3-5192-4B12-8494-D3C4D43DAC56}.Release|Mixed Platforms.ActiveCfg = Release|Any CPU
		{D6F20ED3-5192-4B12-8494-D3C4D43DAC56}.Release|Mixed Platforms.Build.0 = Release|Any CPU
		{D6F20ED3-5192-4B12-8494-D3C4D43DAC56}.Release|x86.ActiveCfg = Release|Any CPU
		{D6F20ED3-5192-4B12-8494-D3C4D43DAC56}.Release|x86.Build.0 = Release|Any CPU
	EndGlobalSection
	GlobalSection(SolutionProperties) = preSolution
		HideSolutionNode = FALSE
	EndGlobalSection
	GlobalSection(ExtensibilityGlobals) = postSolution
		SolutionGuid = {F56A4B8A-DB4B-43A8-A126-DF7D9274C3C6}
	EndGlobalSection
EndGlobal
